// !$*UTF8*$!
{
	archiveVersion = 1;
	classes = {
	};
	objectVersion = 56;
	objects = {

/* Begin PBXBuildFile section */
		D4A59F112C0EFA8F0087D3A1 /* AppDelegate.swift in Sources */ = {isa = PBXBuildFile; fileRef = D4A59F102C0EFA8F0087D3A1 /* AppDelegate.swift */; };
		D4A59F132C0EFA8F0087D3A1 /* SceneDelegate.swift in Sources */ = {isa = PBXBuildFile; fileRef = D4A59F122C0EFA8F0087D3A1 /* SceneDelegate.swift */; };
		D4A59F1A2C0EFA900087D3A1 /* Assets.xcassets in Resources */ = {isa = PBXBuildFile; fileRef = D4A59F192C0EFA900087D3A1 /* Assets.xcassets */; };
		D4A59F1D2C0EFA900087D3A1 /* Base in Resources */ = {isa = PBXBuildFile; fileRef = D4A59F1C2C0EFA900087D3A1 /* Base */; };
		D4A59F252C0F07400087D3A1 /* TabBarController.swift in Sources */ = {isa = PBXBuildFile; fileRef = D4A59F242C0F07400087D3A1 /* TabBarController.swift */; };
		D4A59F272C0F08D20087D3A1 /* MainViewController.swift in Sources */ = {isa = PBXBuildFile; fileRef = D4A59F262C0F08D20087D3A1 /* MainViewController.swift */; };
		D4A59F292C0F08E80087D3A1 /* BasketViewController.swift in Sources */ = {isa = PBXBuildFile; fileRef = D4A59F282C0F08E80087D3A1 /* BasketViewController.swift */; };
		D4A59F2C2C0F10AE0087D3A1 /* Language.swift in Sources */ = {isa = PBXBuildFile; fileRef = D4A59F2B2C0F10AE0087D3A1 /* Language.swift */; };
		D4A59F2F2C0F14D60087D3A1 /* SnapKit in Frameworks */ = {isa = PBXBuildFile; productRef = D4A59F2E2C0F14D60087D3A1 /* SnapKit */; };
		D4A59F312C0F14D60087D3A1 /* SnapKit-Dynamic in Frameworks */ = {isa = PBXBuildFile; productRef = D4A59F302C0F14D60087D3A1 /* SnapKit-Dynamic */; };
		D4A59F332C0FABE50087D3A1 /* ProductCollectionViewCell.swift in Sources */ = {isa = PBXBuildFile; fileRef = D4A59F322C0FABE50087D3A1 /* ProductCollectionViewCell.swift */; };
		D4A59F382C0FB7AF0087D3A1 /* ProducInBasketTableViewCell.swift in Sources */ = {isa = PBXBuildFile; fileRef = D4A59F372C0FB7AF0087D3A1 /* ProducInBasketTableViewCell.swift */; };
		D4F849262C105CF8006B1755 /* CartItem.swift in Sources */ = {isa = PBXBuildFile; fileRef = D4F849252C105CF8006B1755 /* CartItem.swift */; };
		D4F849282C1086DC006B1755 /* SuccessViewController.swift in Sources */ = {isa = PBXBuildFile; fileRef = D4F849272C1086DC006B1755 /* SuccessViewController.swift */; };
/* End PBXBuildFile section */

/* Begin PBXFileReference section */
		D4A59F0D2C0EFA8F0087D3A1 /* GraysarApp.app */ = {isa = PBXFileReference; explicitFileType = wrapper.application; includeInIndex = 0; path = GraysarApp.app; sourceTree = BUILT_PRODUCTS_DIR; };
		D4A59F102C0EFA8F0087D3A1 /* AppDelegate.swift */ = {isa = PBXFileReference; lastKnownFileType = sourcecode.swift; path = AppDelegate.swift; sourceTree = "<group>"; };
		D4A59F122C0EFA8F0087D3A1 /* SceneDelegate.swift */ = {isa = PBXFileReference; lastKnownFileType = sourcecode.swift; path = SceneDelegate.swift; sourceTree = "<group>"; };
		D4A59F192C0EFA900087D3A1 /* Assets.xcassets */ = {isa = PBXFileReference; lastKnownFileType = folder.assetcatalog; path = Assets.xcassets; sourceTree = "<group>"; };
		D4A59F1C2C0EFA900087D3A1 /* Base */ = {isa = PBXFileReference; lastKnownFileType = file.storyboard; name = Base; path = Base.lproj/LaunchScreen.storyboard; sourceTree = "<group>"; };
		D4A59F1E2C0EFA900087D3A1 /* Info.plist */ = {isa = PBXFileReference; lastKnownFileType = text.plist.xml; path = Info.plist; sourceTree = "<group>"; };
		D4A59F242C0F07400087D3A1 /* TabBarController.swift */ = {isa = PBXFileReference; lastKnownFileType = sourcecode.swift; path = TabBarController.swift; sourceTree = "<group>"; };
		D4A59F262C0F08D20087D3A1 /* MainViewController.swift */ = {isa = PBXFileReference; lastKnownFileType = sourcecode.swift; path = MainViewController.swift; sourceTree = "<group>"; };
		D4A59F282C0F08E80087D3A1 /* BasketViewController.swift */ = {isa = PBXFileReference; lastKnownFileType = sourcecode.swift; path = BasketViewController.swift; sourceTree = "<group>"; };
		D4A59F2B2C0F10AE0087D3A1 /* Language.swift */ = {isa = PBXFileReference; lastKnownFileType = sourcecode.swift; path = Language.swift; sourceTree = "<group>"; };
		D4A59F322C0FABE50087D3A1 /* ProductCollectionViewCell.swift */ = {isa = PBXFileReference; lastKnownFileType = sourcecode.swift; path = ProductCollectionViewCell.swift; sourceTree = "<group>"; };
		D4A59F372C0FB7AF0087D3A1 /* ProducInBasketTableViewCell.swift */ = {isa = PBXFileReference; lastKnownFileType = sourcecode.swift; path = ProducInBasketTableViewCell.swift; sourceTree = "<group>"; };
		D4F849252C105CF8006B1755 /* CartItem.swift */ = {isa = PBXFileReference; lastKnownFileType = sourcecode.swift; path = CartItem.swift; sourceTree = "<group>"; };
		D4F849272C1086DC006B1755 /* SuccessViewController.swift */ = {isa = PBXFileReference; lastKnownFileType = sourcecode.swift; path = SuccessViewController.swift; sourceTree = "<group>"; };
/* End PBXFileReference section */

/* Begin PBXFrameworksBuildPhase section */
		D4A59F0A2C0EFA8F0087D3A1 /* Frameworks */ = {
			isa = PBXFrameworksBuildPhase;
			buildActionMask = 2147483647;
			files = (
				D4A59F2F2C0F14D60087D3A1 /* SnapKit in Frameworks */,
				D4A59F312C0F14D60087D3A1 /* SnapKit-Dynamic in Frameworks */,
			);
			runOnlyForDeploymentPostprocessing = 0;
		};
/* End PBXFrameworksBuildPhase section */

/* Begin PBXGroup section */
		D4A59F042C0EFA8F0087D3A1 = {
			isa = PBXGroup;
			children = (
				D4A59F0F2C0EFA8F0087D3A1 /* GraysarApp */,
				D4A59F0E2C0EFA8F0087D3A1 /* Products */,
			);
			sourceTree = "<group>";
		};
		D4A59F0E2C0EFA8F0087D3A1 /* Products */ = {
			isa = PBXGroup;
			children = (
				D4A59F0D2C0EFA8F0087D3A1 /* GraysarApp.app */,
			);
			name = Products;
			sourceTree = "<group>";
		};
		D4A59F0F2C0EFA8F0087D3A1 /* GraysarApp */ = {
			isa = PBXGroup;
			children = (
				D4A59F102C0EFA8F0087D3A1 /* AppDelegate.swift */,
				D4A59F122C0EFA8F0087D3A1 /* SceneDelegate.swift */,
				D4A59F342C0FB66E0087D3A1 /* Controllers */,
				D4A59F2A2C0F10540087D3A1 /* Model */,
				D4A59F242C0F07400087D3A1 /* TabBarController.swift */,
				D4A59F192C0EFA900087D3A1 /* Assets.xcassets */,
				D4A59F1B2C0EFA900087D3A1 /* LaunchScreen.storyboard */,
				D4A59F1E2C0EFA900087D3A1 /* Info.plist */,
			);
			path = GraysarApp;
			sourceTree = "<group>";
		};
		D4A59F2A2C0F10540087D3A1 /* Model */ = {
			isa = PBXGroup;
			children = (
				D4A59F2B2C0F10AE0087D3A1 /* Language.swift */,
				D4F849252C105CF8006B1755 /* CartItem.swift */,
			);
			path = Model;
			sourceTree = "<group>";
		};
		D4A59F342C0FB66E0087D3A1 /* Controllers */ = {
			isa = PBXGroup;
			children = (
				D4A59F352C0FB67B0087D3A1 /* MainPage */,
				D4A59F362C0FB68A0087D3A1 /* BasketPage */,
				D4F849272C1086DC006B1755 /* SuccessViewController.swift */,
			);
			path = Controllers;
			sourceTree = "<group>";
		};
		D4A59F352C0FB67B0087D3A1 /* MainPage */ = {
			isa = PBXGroup;
			children = (
				D4A59F262C0F08D20087D3A1 /* MainViewController.swift */,
				D4A59F322C0FABE50087D3A1 /* ProductCollectionViewCell.swift */,
			);
			path = MainPage;
			sourceTree = "<group>";
		};
		D4A59F362C0FB68A0087D3A1 /* BasketPage */ = {
			isa = PBXGroup;
			children = (
				D4A59F282C0F08E80087D3A1 /* BasketViewController.swift */,
				D4A59F372C0FB7AF0087D3A1 /* ProducInBasketTableViewCell.swift */,
			);
			path = BasketPage;
			sourceTree = "<group>";
		};
/* End PBXGroup section */

/* Begin PBXNativeTarget section */
		D4A59F0C2C0EFA8F0087D3A1 /* GraysarApp */ = {
			isa = PBXNativeTarget;
			buildConfigurationList = D4A59F212C0EFA900087D3A1 /* Build configuration list for PBXNativeTarget "GraysarApp" */;
			buildPhases = (
				D4A59F092C0EFA8F0087D3A1 /* Sources */,
				D4A59F0A2C0EFA8F0087D3A1 /* Frameworks */,
				D4A59F0B2C0EFA8F0087D3A1 /* Resources */,
			);
			buildRules = (
			);
			dependencies = (
			);
			name = GraysarApp;
			packageProductDependencies = (
				D4A59F2E2C0F14D60087D3A1 /* SnapKit */,
				D4A59F302C0F14D60087D3A1 /* SnapKit-Dynamic */,
			);
			productName = GraysarApp;
			productReference = D4A59F0D2C0EFA8F0087D3A1 /* GraysarApp.app */;
			productType = "com.apple.product-type.application";
		};
/* End PBXNativeTarget section */

/* Begin PBXProject section */
		D4A59F052C0EFA8F0087D3A1 /* Project object */ = {
			isa = PBXProject;
			attributes = {
				BuildIndependentTargetsInParallel = 1;
				LastSwiftUpdateCheck = 1530;
				LastUpgradeCheck = 1530;
				TargetAttributes = {
					D4A59F0C2C0EFA8F0087D3A1 = {
						CreatedOnToolsVersion = 15.3;
					};
				};
			};
			buildConfigurationList = D4A59F082C0EFA8F0087D3A1 /* Build configuration list for PBXProject "GraysarApp" */;
			compatibilityVersion = "Xcode 14.0";
			developmentRegion = en;
			hasScannedForEncodings = 0;
			knownRegions = (
				en,
				Base,
			);
			mainGroup = D4A59F042C0EFA8F0087D3A1;
			packageReferences = (
				D4A59F2D2C0F14D60087D3A1 /* XCRemoteSwiftPackageReference "SnapKit" */,
			);
			productRefGroup = D4A59F0E2C0EFA8F0087D3A1 /* Products */;
			projectDirPath = "";
			projectRoot = "";
			targets = (
				D4A59F0C2C0EFA8F0087D3A1 /* GraysarApp */,
			);
		};
/* End PBXProject section */

/* Begin PBXResourcesBuildPhase section */
		D4A59F0B2C0EFA8F0087D3A1 /* Resources */ = {
			isa = PBXResourcesBuildPhase;
			buildActionMask = 2147483647;
			files = (
				D4A59F1A2C0EFA900087D3A1 /* Assets.xcassets in Resources */,
				D4A59F1D2C0EFA900087D3A1 /* Base in Resources */,
			);
			runOnlyForDeploymentPostprocessing = 0;
		};
/* End PBXResourcesBuildPhase section */

/* Begin PBXSourcesBuildPhase section */
		D4A59F092C0EFA8F0087D3A1 /* Sources */ = {
			isa = PBXSourcesBuildPhase;
			buildActionMask = 2147483647;
			files = (
				D4A59F292C0F08E80087D3A1 /* BasketViewController.swift in Sources */,
				D4A59F252C0F07400087D3A1 /* TabBarController.swift in Sources */,
				D4A59F332C0FABE50087D3A1 /* ProductCollectionViewCell.swift in Sources */,
				D4A59F112C0EFA8F0087D3A1 /* AppDelegate.swift in Sources */,
				D4F849262C105CF8006B1755 /* CartItem.swift in Sources */,
				D4A59F2C2C0F10AE0087D3A1 /* Language.swift in Sources */,
				D4A59F132C0EFA8F0087D3A1 /* SceneDelegate.swift in Sources */,
				D4A59F272C0F08D20087D3A1 /* MainViewController.swift in Sources */,
				D4F849282C1086DC006B1755 /* SuccessViewController.swift in Sources */,
				D4A59F382C0FB7AF0087D3A1 /* ProducInBasketTableViewCell.swift in Sources */,
			);
			runOnlyForDeploymentPostprocessing = 0;
		};
/* End PBXSourcesBuildPhase section */

/* Begin PBXVariantGroup section */
		D4A59F1B2C0EFA900087D3A1 /* LaunchScreen.storyboard */ = {
			isa = PBXVariantGroup;
			children = (
				D4A59F1C2C0EFA900087D3A1 /* Base */,
			);
			name = LaunchScreen.storyboard;
			sourceTree = "<group>";
		};
/* End PBXVariantGroup section */

/* Begin XCBuildConfiguration section */
		D4A59F1F2C0EFA900087D3A1 /* Debug */ = {
			isa = XCBuildConfiguration;
			buildSettings = {
				ALWAYS_SEARCH_USER_PATHS = NO;
				ASSETCATALOG_COMPILER_GENERATE_SWIFT_ASSET_SYMBOL_EXTENSIONS = YES;
				CLANG_ANALYZER_NONNULL = YES;
				CLANG_ANALYZER_NUMBER_OBJECT_CONVERSION = YES_AGGRESSIVE;
				CLANG_CXX_LANGUAGE_STANDARD = "gnu++20";
				CLANG_ENABLE_MODULES = YES;
				CLANG_ENABLE_OBJC_ARC = YES;
				CLANG_ENABLE_OBJC_WEAK = YES;
				CLANG_WARN_BLOCK_CAPTURE_AUTORELEASING = YES;
				CLANG_WARN_BOOL_CONVERSION = YES;
				CLANG_WARN_COMMA = YES;
				CLANG_WARN_CONSTANT_CONVERSION = YES;
				CLANG_WARN_DEPRECATED_OBJC_IMPLEMENTATIONS = YES;
				CLANG_WARN_DIRECT_OBJC_ISA_USAGE = YES_ERROR;
				CLANG_WARN_DOCUMENTATION_COMMENTS = YES;
				CLANG_WARN_EMPTY_BODY = YES;
				CLANG_WARN_ENUM_CONVERSION = YES;
				CLANG_WARN_INFINITE_RECURSION = YES;
				CLANG_WARN_INT_CONVERSION = YES;
				CLANG_WARN_NON_LITERAL_NULL_CONVERSION = YES;
				CLANG_WARN_OBJC_IMPLICIT_RETAIN_SELF = YES;
				CLANG_WARN_OBJC_LITERAL_CONVERSION = YES;
				CLANG_WARN_OBJC_ROOT_CLASS = YES_ERROR;
				CLANG_WARN_QUOTED_INCLUDE_IN_FRAMEWORK_HEADER = YES;
				CLANG_WARN_RANGE_LOOP_ANALYSIS = YES;
				CLANG_WARN_STRICT_PROTOTYPES = YES;
				CLANG_WARN_SUSPICIOUS_MOVE = YES;
				CLANG_WARN_UNGUARDED_AVAILABILITY = YES_AGGRESSIVE;
				CLANG_WARN_UNREACHABLE_CODE = YES;
				CLANG_WARN__DUPLICATE_METHOD_MATCH = YES;
				COPY_PHASE_STRIP = NO;
				DEBUG_INFORMATION_FORMAT = dwarf;
				ENABLE_STRICT_OBJC_MSGSEND = YES;
				ENABLE_TESTABILITY = YES;
				ENABLE_USER_SCRIPT_SANDBOXING = YES;
				GCC_C_LANGUAGE_STANDARD = gnu17;
				GCC_DYNAMIC_NO_PIC = NO;
				GCC_NO_COMMON_BLOCKS = YES;
				GCC_OPTIMIZATION_LEVEL = 0;
				GCC_PREPROCESSOR_DEFINITIONS = (
					"DEBUG=1",
					"$(inherited)",
				);
				GCC_WARN_64_TO_32_BIT_CONVERSION = YES;
				GCC_WARN_ABOUT_RETURN_TYPE = YES_ERROR;
				GCC_WARN_UNDECLARED_SELECTOR = YES;
				GCC_WARN_UNINITIALIZED_AUTOS = YES_AGGRESSIVE;
				GCC_WARN_UNUSED_FUNCTION = YES;
				GCC_WARN_UNUSED_VARIABLE = YES;
				IPHONEOS_DEPLOYMENT_TARGET = 17.4;
				LOCALIZATION_PREFERS_STRING_CATALOGS = YES;
				MTL_ENABLE_DEBUG_INFO = INCLUDE_SOURCE;
				MTL_FAST_MATH = YES;
				ONLY_ACTIVE_ARCH = YES;
				SDKROOT = iphoneos;
				SWIFT_ACTIVE_COMPILATION_CONDITIONS = "DEBUG $(inherited)";
				SWIFT_OPTIMIZATION_LEVEL = "-Onone";
			};
			name = Debug;
		};
		D4A59F202C0EFA900087D3A1 /* Release */ = {
			isa = XCBuildConfiguration;
			buildSettings = {
				ALWAYS_SEARCH_USER_PATHS = NO;
				ASSETCATALOG_COMPILER_GENERATE_SWIFT_ASSET_SYMBOL_EXTENSIONS = YES;
				CLANG_ANALYZER_NONNULL = YES;
				CLANG_ANALYZER_NUMBER_OBJECT_CONVERSION = YES_AGGRESSIVE;
				CLANG_CXX_LANGUAGE_STANDARD = "gnu++20";
				CLANG_ENABLE_MODULES = YES;
				CLANG_ENABLE_OBJC_ARC = YES;
				CLANG_ENABLE_OBJC_WEAK = YES;
				CLANG_WARN_BLOCK_CAPTURE_AUTORELEASING = YES;
				CLANG_WARN_BOOL_CONVERSION = YES;
				CLANG_WARN_COMMA = YES;
				CLANG_WARN_CONSTANT_CONVERSION = YES;
				CLANG_WARN_DEPRECATED_OBJC_IMPLEMENTATIONS = YES;
				CLANG_WARN_DIRECT_OBJC_ISA_USAGE = YES_ERROR;
				CLANG_WARN_DOCUMENTATION_COMMENTS = YES;
				CLANG_WARN_EMPTY_BODY = YES;
				CLANG_WARN_ENUM_CONVERSION = YES;
				CLANG_WARN_INFINITE_RECURSION = YES;
				CLANG_WARN_INT_CONVERSION = YES;
				CLANG_WARN_NON_LITERAL_NULL_CONVERSION = YES;
				CLANG_WARN_OBJC_IMPLICIT_RETAIN_SELF = YES;
				CLANG_WARN_OBJC_LITERAL_CONVERSION = YES;
				CLANG_WARN_OBJC_ROOT_CLASS = YES_ERROR;
				CLANG_WARN_QUOTED_INCLUDE_IN_FRAMEWORK_HEADER = YES;
				CLANG_WARN_RANGE_LOOP_ANALYSIS = YES;
				CLANG_WARN_STRICT_PROTOTYPES = YES;
				CLANG_WARN_SUSPICIOUS_MOVE = YES;
				CLANG_WARN_UNGUARDED_AVAILABILITY = YES_AGGRESSIVE;
				CLANG_WARN_UNREACHABLE_CODE = YES;
				CLANG_WARN__DUPLICATE_METHOD_MATCH = YES;
				COPY_PHASE_STRIP = NO;
				DEBUG_INFORMATION_FORMAT = "dwarf-with-dsym";
				ENABLE_NS_ASSERTIONS = NO;
				ENABLE_STRICT_OBJC_MSGSEND = YES;
				ENABLE_USER_SCRIPT_SANDBOXING = YES;
				GCC_C_LANGUAGE_STANDARD = gnu17;
				GCC_NO_COMMON_BLOCKS = YES;
				GCC_WARN_64_TO_32_BIT_CONVERSION = YES;
				GCC_WARN_ABOUT_RETURN_TYPE = YES_ERROR;
				GCC_WARN_UNDECLARED_SELECTOR = YES;
				GCC_WARN_UNINITIALIZED_AUTOS = YES_AGGRESSIVE;
				GCC_WARN_UNUSED_FUNCTION = YES;
				GCC_WARN_UNUSED_VARIABLE = YES;
				IPHONEOS_DEPLOYMENT_TARGET = 17.4;
				LOCALIZATION_PREFERS_STRING_CATALOGS = YES;
				MTL_ENABLE_DEBUG_INFO = NO;
				MTL_FAST_MATH = YES;
				SDKROOT = iphoneos;
				SWIFT_COMPILATION_MODE = wholemodule;
				VALIDATE_PRODUCT = YES;
			};
			name = Release;
		};
		D4A59F222C0EFA900087D3A1 /* Debug */ = {
			isa = XCBuildConfiguration;
			buildSettings = {
				ASSETCATALOG_COMPILER_APPICON_NAME = AppIcon;
				ASSETCATALOG_COMPILER_GLOBAL_ACCENT_COLOR_NAME = AccentColor;
				CODE_SIGN_STYLE = Automatic;
				CURRENT_PROJECT_VERSION = 1;
				GENERATE_INFOPLIST_FILE = YES;
				INFOPLIST_FILE = GraysarApp/Info.plist;
				INFOPLIST_KEY_UIApplicationSupportsIndirectInputEvents = YES;
				INFOPLIST_KEY_UILaunchStoryboardName = LaunchScreen;
				INFOPLIST_KEY_UISupportedInterfaceOrientations_iPad = "UIInterfaceOrientationPortrait UIInterfaceOrientationPortraitUpsideDown UIInterfaceOrientationLandscapeLeft UIInterfaceOrientationLandscapeRight";
				INFOPLIST_KEY_UISupportedInterfaceOrientations_iPhone = "UIInterfaceOrientationPortrait UIInterfaceOrientationLandscapeLeft UIInterfaceOrientationLandscapeRight";
				LD_RUNPATH_SEARCH_PATHS = (
					"$(inherited)",
					"@executable_path/Frameworks",
				);
				MARKETING_VERSION = 1.0;
				PRODUCT_BUNDLE_IDENTIFIER = com.hz.GraysarApp;
				PRODUCT_NAME = "$(TARGET_NAME)";
				SWIFT_EMIT_LOC_STRINGS = YES;
				SWIFT_VERSION = 5.0;
				TARGETED_DEVICE_FAMILY = "1,2";
			};
			name = Debug;
		};
		D4A59F232C0EFA900087D3A1 /* Release */ = {
			isa = XCBuildConfiguration;
			buildSettings = {
				ASSETCATALOG_COMPILER_APPICON_NAME = AppIcon;
				ASSETCATALOG_COMPILER_GLOBAL_ACCENT_COLOR_NAME = AccentColor;
				CODE_SIGN_STYLE = Automatic;
				CURRENT_PROJECT_VERSION = 1;
				GENERATE_INFOPLIST_FILE = YES;
				INFOPLIST_FILE = GraysarApp/Info.plist;
				INFOPLIST_KEY_UIApplicationSupportsIndirectInputEvents = YES;
				INFOPLIST_KEY_UILaunchStoryboardName = LaunchScreen;
				INFOPLIST_KEY_UISupportedInterfaceOrientations_iPad = "UIInterfaceOrientationPortrait UIInterfaceOrientationPortraitUpsideDown UIInterfaceOrientationLandscapeLeft UIInterfaceOrientationLandscapeRight";
				INFOPLIST_KEY_UISupportedInterfaceOrientations_iPhone = "UIInterfaceOrientationPortrait UIInterfaceOrientationLandscapeLeft UIInterfaceOrientationLandscapeRight";
				LD_RUNPATH_SEARCH_PATHS = (
					"$(inherited)",
					"@executable_path/Frameworks",
				);
				MARKETING_VERSION = 1.0;
				PRODUCT_BUNDLE_IDENTIFIER = com.hz.GraysarApp;
				PRODUCT_NAME = "$(TARGET_NAME)";
				SWIFT_EMIT_LOC_STRINGS = YES;
				SWIFT_VERSION = 5.0;
				TARGETED_DEVICE_FAMILY = "1,2";
			};
			name = Release;
		};
/* End XCBuildConfiguration section */

/* Begin XCConfigurationList section */
		D4A59F082C0EFA8F0087D3A1 /* Build configuration list for PBXProject "GraysarApp" */ = {
			isa = XCConfigurationList;
			buildConfigurations = (
				D4A59F1F2C0EFA900087D3A1 /* Debug */,
				D4A59F202C0EFA900087D3A1 /* Release */,
			);
			defaultConfigurationIsVisible = 0;
			defaultConfigurationName = Release;
		};
		D4A59F212C0EFA900087D3A1 /* Build configuration list for PBXNativeTarget "GraysarApp" */ = {
			isa = XCConfigurationList;
			buildConfigurations = (
				D4A59F222C0EFA900087D3A1 /* Debug */,
				D4A59F232C0EFA900087D3A1 /* Release */,
			);
			defaultConfigurationIsVisible = 0;
			defaultConfigurationName = Release;
		};
/* End XCConfigurationList section */

/* Begin XCRemoteSwiftPackageReference section */
		D4A59F2D2C0F14D60087D3A1 /* XCRemoteSwiftPackageReference "SnapKit" */ = {
			isa = XCRemoteSwiftPackageReference;
			repositoryURL = "https://github.com/SnapKit/SnapKit";
			requirement = {
				kind = upToNextMajorVersion;
				minimumVersion = 5.7.1;
			};
		};
/* End XCRemoteSwiftPackageReference section */

/* Begin XCSwiftPackageProductDependency section */
		D4A59F2E2C0F14D60087D3A1 /* SnapKit */ = {
			isa = XCSwiftPackageProductDependency;
			package = D4A59F2D2C0F14D60087D3A1 /* XCRemoteSwiftPackageReference "SnapKit" */;
			productName = SnapKit;
		};
		D4A59F302C0F14D60087D3A1 /* SnapKit-Dynamic */ = {
			isa = XCSwiftPackageProductDependency;
			package = D4A59F2D2C0F14D60087D3A1 /* XCRemoteSwiftPackageReference "SnapKit" */;
			productName = "SnapKit-Dynamic";
		};
/* End XCSwiftPackageProductDependency section */
	};
	rootObject = D4A59F052C0EFA8F0087D3A1 /* Project object */;
}
